# THIS IS AN AUTOGENERATED FILE. DO NOT EDIT THIS FILE DIRECTLY.
# yarn lockfile v1


"@kvs/localstorage@^2.1.1":
  version "2.1.1"
  resolved "https://registry.yarnpkg.com/@kvs/localstorage/-/localstorage-2.1.1.tgz#38179195132779d6147edba2af2f729d36048f3c"
  integrity sha512-HLLkknjx29NX5YetReRMcop1gYHL6hjV2JYj5fe7DT2oQMh3cgrfHMmwV/dy1woSyAup+1kzTuDa82J7LK11DQ==
  dependencies:
    "@kvs/storage" "^2.1.1"

"@kvs/storage@^2.1.1":
  version "2.1.1"
  resolved "https://registry.yarnpkg.com/@kvs/storage/-/storage-2.1.1.tgz#6268c66ae6a28536dc44bc9b80d55013a364549b"
  integrity sha512-/X8m0xn5KXZc09wF5P/HMTaxnQp8OJ7hFlHmRojfQcaMDxWDZEFdZBV2K14MXOUCA2PQto2i5eEh1GbtOS30rA==
  dependencies:
    "@kvs/types" "^2.1.1"

"@kvs/types@^2.1.1":
  version "2.1.1"
  resolved "https://registry.yarnpkg.com/@kvs/types/-/types-2.1.1.tgz#c05f2155af38a56f0848d248ee9ad5c5a9fe38ef"
  integrity sha512-HRDt5IeTE7BZYCey3ZhTWzpYtv5mhXU8Nx3dHD99sXoovbakSy7BEcIWckHZf+4kwC3oyhr9Ee3lsQFOacTz3Q==

"@types/events@*":
  version "3.0.0"
  resolved "https://registry.yarnpkg.com/@types/events/-/events-3.0.0.tgz#2862f3f58a9a7f7c3e78d79f130dd4d71c25c2a7"
  integrity sha512-EaObqwIvayI5a8dCzhFrjKzVwKLxjoG9T6Ppd5CEo07LRKfQ8Yokw54r5+Wq7FaBQ+yXRvQAYPrHwya1/UFt9g==

"@types/node-localstorage@^1.3.0":
  version "1.3.0"
  resolved "https://registry.yarnpkg.com/@types/node-localstorage/-/node-localstorage-1.3.0.tgz#8341b89abd8ad00afcd3fa9242ed956b8f5ad32c"
  integrity sha512-9+s5CWGhkYitklhLgnbf4s5ncCEx0An2jhBuhvw/sh9WNQ+/WvNFkPLyLjXGy+Oeo8CjPl69oz6M2FzZH+KwWA==
  dependencies:
    "@types/events" "*"

"@types/node@^18.7.18":
  version "18.7.18"
  resolved "https://registry.yarnpkg.com/@types/node/-/node-18.7.18.tgz#633184f55c322e4fb08612307c274ee6d5ed3154"
  integrity sha512-m+6nTEOadJZuTPkKR/SYK3A2d7FZrgElol9UP1Kae90VVU4a6mxnPuLiIW1m4Cq4gZ/nWb9GrdVXJCoCazDAbg==

graceful-fs@^4.1.11:
  version "4.2.10"
  resolved "https://registry.yarnpkg.com/graceful-fs/-/graceful-fs-4.2.10.tgz#147d3a006da4ca3ce14728c7aefc287c367d7a6c"
  integrity sha512-9ByhssR2fPVsNZj478qUUbKfmL0+t5BDVyjShtyZZLiK7ZDAArFFfopyOTj0M05wE2tJPisA4iTnnXl2YoPvOA==

imurmurhash@^0.1.4:
  version "0.1.4"
  resolved "https://registry.yarnpkg.com/imurmurhash/-/imurmurhash-0.1.4.tgz#9218b9b2b928a238b13dc4fb6b6d576f231453ea"
  integrity sha512-JmXMZ6wuvDmLiHEml9ykzqO6lwFbof0GG4IkcGaENdCRDDmMVnny7s5HsIgHCbaq0w2MyPhDqkhTUgS2LU2PHA==

node-localstorage@^2.2.1:
  version "2.2.1"
  resolved "https://registry.yarnpkg.com/node-localstorage/-/node-localstorage-2.2.1.tgz#869723550a4883e426cb391d2df0b563a51c7c1c"
  integrity sha512-vv8fJuOUCCvSPjDjBLlMqYMHob4aGjkmrkaE42/mZr0VT+ZAU10jRF8oTnX9+pgU9/vYJ8P7YT3Vd6ajkmzSCw==
  dependencies:
    write-file-atomic "^1.1.4"

slide@^1.1.5:
  version "1.1.6"
  resolved "https://registry.yarnpkg.com/slide/-/slide-1.1.6.tgz#56eb027d65b4d2dce6cb2e2d32c4d4afc9e1d707"
  integrity sha512-NwrtjCg+lZoqhFU8fOwl4ay2ei8PaqCBOUV3/ektPY9trO1yQ1oXEfmHAhKArUVUr/hOHvy5f6AdP17dCM0zMw==

typescript@^4.8.3:
  version "4.8.3"
  resolved "https://registry.yarnpkg.com/typescript/-/typescript-4.8.3.tgz#d59344522c4bc464a65a730ac695007fdb66dd88"
  integrity sha512-goMHfm00nWPa8UvR/CPSvykqf6dVV8x/dp0c5mFTMTIu0u0FlGWRioyy7Nn0PGAdHxpJZnuO/ut+PpQ8UiHAig==

write-file-atomic@^1.1.4:
  version "1.3.4"
  resolved "https://registry.yarnpkg.com/write-file-atomic/-/write-file-atomic-1.3.4.tgz#f807a4f0b1d9e913ae7a48112e6cc3af1991b45f"
  integrity sha512-SdrHoC/yVBPpV0Xq/mUZQIpW2sWXAShb/V4pomcJXh92RuaO+f3UTWItiR3Px+pLnV2PvC2/bfn5cwr5X6Vfxw==
  dependencies:
    graceful-fs "^4.1.11"
    imurmurhash "^0.1.4"
    slide "^1.1.5"
